// !$*UTF8*$!
{
	archiveVersion = 1;
	classes = {
	};
	objectVersion = 77;
	objects = {

/* Begin PBXBuildFile section */
		684097A92E3DC29700EE87CF /* MarkdownUI in Frameworks */ = {isa = PBXBuildFile; productRef = 684097A82E3DC29700EE87CF /* MarkdownUI */; };
		684C44A42E3444080093FD7D /* SQLite in Frameworks */ = {isa = PBXBuildFile; productRef = 684C44A32E3444080093FD7D /* SQLite */; };
		685AAA9E2E268842008B5063 /* SVDB in Frameworks */ = {isa = PBXBuildFile; productRef = 685AAA9D2E268842008B5063 /* SVDB */; };
		68AE0FD32E2B1B5400D359D7 /* SwiftSoup in Frameworks */ = {isa = PBXBuildFile; productRef = 68AE0FD22E2B1B5400D359D7 /* SwiftSoup */; };
		68C0D6662E5A476A00718459 /* ComplexModule in Frameworks */ = {isa = PBXBuildFile; productRef = 68C0D6652E5A476A00718459 /* ComplexModule */; };
		68C0D6682E5A476A00718459 /* Numerics in Frameworks */ = {isa = PBXBuildFile; productRef = 68C0D6672E5A476A00718459 /* Numerics */; };
		68C0D66A2E5A476A00718459 /* RealModule in Frameworks */ = {isa = PBXBuildFile; productRef = 68C0D6692E5A476A00718459 /* RealModule */; };
/* End PBXBuildFile section */

/* Begin PBXFileReference section */
		685AAA8B2E268669008B5063 /* Aeru.app */ = {isa = PBXFileReference; explicitFileType = wrapper.application; includeInIndex = 0; path = Aeru.app; sourceTree = BUILT_PRODUCTS_DIR; };
/* End PBXFileReference section */

/* Begin PBXFileSystemSynchronizedBuildFileExceptionSet section */
		6855ED542E39F52A007BB8A2 /* Exceptions for "Aeru" folder in "Aeru" target */ = {
			isa = PBXFileSystemSynchronizedBuildFileExceptionSet;
			membershipExceptions = (
				Info.plist,
			);
			target = 685AAA8A2E268669008B5063 /* Aeru */;
		};
/* End PBXFileSystemSynchronizedBuildFileExceptionSet section */

/* Begin PBXFileSystemSynchronizedRootGroup section */
		685AAA8D2E268669008B5063 /* Aeru */ = {
			isa = PBXFileSystemSynchronizedRootGroup;
			exceptions = (
				6855ED542E39F52A007BB8A2 /* Exceptions for "Aeru" folder in "Aeru" target */,
			);
			path = Aeru;
			sourceTree = "<group>";
		};
/* End PBXFileSystemSynchronizedRootGroup section */

/* Begin PBXFrameworksBuildPhase section */
		685AAA882E268669008B5063 /* Frameworks */ = {
			isa = PBXFrameworksBuildPhase;
			buildActionMask = 2147483647;
			files = (
				68C0D6662E5A476A00718459 /* ComplexModule in Frameworks */,
				684C44A42E3444080093FD7D /* SQLite in Frameworks */,
				68C0D66A2E5A476A00718459 /* RealModule in Frameworks */,
				685AAA9E2E268842008B5063 /* SVDB in Frameworks */,
				68AE0FD32E2B1B5400D359D7 /* SwiftSoup in Frameworks */,
				68C0D6682E5A476A00718459 /* Numerics in Frameworks */,
				684097A92E3DC29700EE87CF /* MarkdownUI in Frameworks */,
			);
			runOnlyForDeploymentPostprocessing = 0;
		};
/* End PBXFrameworksBuildPhase section */

/* Begin PBXGroup section */
		685AAA822E268669008B5063 = {
			isa = PBXGroup;
			children = (
				685AAA8D2E268669008B5063 /* Aeru */,
				685AAA8C2E268669008B5063 /* Products */,
			);
			sourceTree = "<group>";
		};
		685AAA8C2E268669008B5063 /* Products */ = {
			isa = PBXGroup;
			children = (
				685AAA8B2E268669008B5063 /* Aeru.app */,
			);
			name = Products;
			sourceTree = "<group>";
		};
/* End PBXGroup section */

/* Begin PBXNativeTarget section */
		685AAA8A2E268669008B5063 /* Aeru */ = {
			isa = PBXNativeTarget;
			buildConfigurationList = 685AAA962E26866A008B5063 /* Build configuration list for PBXNativeTarget "Aeru" */;
			buildPhases = (
				685AAA872E268669008B5063 /* Sources */,
				685AAA882E268669008B5063 /* Frameworks */,
				685AAA892E268669008B5063 /* Resources */,
			);
			buildRules = (
			);
			dependencies = (
			);
			fileSystemSynchronizedGroups = (
				685AAA8D2E268669008B5063 /* Aeru */,
			);
			name = Aeru;
			packageProductDependencies = (
				685AAA9D2E268842008B5063 /* SVDB */,
				68AE0FD22E2B1B5400D359D7 /* SwiftSoup */,
				684C44A32E3444080093FD7D /* SQLite */,
				684097A82E3DC29700EE87CF /* MarkdownUI */,
				68C0D6652E5A476A00718459 /* ComplexModule */,
				68C0D6672E5A476A00718459 /* Numerics */,
				68C0D6692E5A476A00718459 /* RealModule */,
			);
			productName = RAGSearchLLM;
			productReference = 685AAA8B2E268669008B5063 /* Aeru.app */;
			productType = "com.apple.product-type.application";
		};
/* End PBXNativeTarget section */

/* Begin PBXProject section */
		685AAA832E268669008B5063 /* Project object */ = {
			isa = PBXProject;
			attributes = {
				BuildIndependentTargetsInParallel = 1;
				LastSwiftUpdateCheck = 2600;
				LastUpgradeCheck = 2600;
				TargetAttributes = {
					685AAA8A2E268669008B5063 = {
						CreatedOnToolsVersion = 26.0;
					};
				};
			};
			buildConfigurationList = 685AAA862E268669008B5063 /* Build configuration list for PBXProject "Aeru" */;
			developmentRegion = en;
			hasScannedForEncodings = 0;
			knownRegions = (
				en,
				Base,
			);
			mainGroup = 685AAA822E268669008B5063;
			minimizedProjectReferenceProxies = 1;
			packageReferences = (
				685AAA9C2E268842008B5063 /* XCRemoteSwiftPackageReference "SVDB" */,
				68AE0FD12E2B1B5400D359D7 /* XCRemoteSwiftPackageReference "SwiftSoup" */,
				684C44A22E3444080093FD7D /* XCRemoteSwiftPackageReference "SQLite.swift" */,
				684097A72E3DC29700EE87CF /* XCRemoteSwiftPackageReference "swift-markdown-ui" */,
				68C0D6642E5A476A00718459 /* XCRemoteSwiftPackageReference "swift-numerics" */,
			);
			preferredProjectObjectVersion = 77;
			productRefGroup = 685AAA8C2E268669008B5063 /* Products */;
			projectDirPath = "";
			projectRoot = "";
			targets = (
				685AAA8A2E268669008B5063 /* Aeru */,
			);
		};
/* End PBXProject section */

/* Begin PBXResourcesBuildPhase section */
		685AAA892E268669008B5063 /* Resources */ = {
			isa = PBXResourcesBuildPhase;
			buildActionMask = 2147483647;
			files = (
			);
			runOnlyForDeploymentPostprocessing = 0;
		};
/* End PBXResourcesBuildPhase section */

/* Begin PBXSourcesBuildPhase section */
		685AAA872E268669008B5063 /* Sources */ = {
			isa = PBXSourcesBuildPhase;
			buildActionMask = 2147483647;
			files = (
			);
			runOnlyForDeploymentPostprocessing = 0;
		};
/* End PBXSourcesBuildPhase section */

/* Begin XCBuildConfiguration section */
		685AAA942E26866A008B5063 /* Debug */ = {
			isa = XCBuildConfiguration;
			buildSettings = {
				ALWAYS_SEARCH_USER_PATHS = NO;
				ASSETCATALOG_COMPILER_GENERATE_SWIFT_ASSET_SYMBOL_EXTENSIONS = YES;
				CLANG_ANALYZER_NONNULL = YES;
				CLANG_ANALYZER_NUMBER_OBJECT_CONVERSION = YES_AGGRESSIVE;
				CLANG_CXX_LANGUAGE_STANDARD = "gnu++20";
				CLANG_ENABLE_MODULES = YES;
				CLANG_ENABLE_OBJC_ARC = YES;
				CLANG_ENABLE_OBJC_WEAK = YES;
				CLANG_WARN_BLOCK_CAPTURE_AUTORELEASING = YES;
				CLANG_WARN_BOOL_CONVERSION = YES;
				CLANG_WARN_COMMA = YES;
				CLANG_WARN_CONSTANT_CONVERSION = YES;
				CLANG_WARN_DEPRECATED_OBJC_IMPLEMENTATIONS = YES;
				CLANG_WARN_DIRECT_OBJC_ISA_USAGE = YES_ERROR;
				CLANG_WARN_DOCUMENTATION_COMMENTS = YES;
				CLANG_WARN_EMPTY_BODY = YES;
				CLANG_WARN_ENUM_CONVERSION = YES;
				CLANG_WARN_INFINITE_RECURSION = YES;
				CLANG_WARN_INT_CONVERSION = YES;
				CLANG_WARN_NON_LITERAL_NULL_CONVERSION = YES;
				CLANG_WARN_OBJC_IMPLICIT_RETAIN_SELF = YES;
				CLANG_WARN_OBJC_LITERAL_CONVERSION = YES;
				CLANG_WARN_OBJC_ROOT_CLASS = YES_ERROR;
				CLANG_WARN_QUOTED_INCLUDE_IN_FRAMEWORK_HEADER = YES;
				CLANG_WARN_RANGE_LOOP_ANALYSIS = YES;
				CLANG_WARN_STRICT_PROTOTYPES = YES;
				CLANG_WARN_SUSPICIOUS_MOVE = YES;
				CLANG_WARN_UNGUARDED_AVAILABILITY = YES_AGGRESSIVE;
				CLANG_WARN_UNREACHABLE_CODE = YES;
				CLANG_WARN__DUPLICATE_METHOD_MATCH = YES;
				COPY_PHASE_STRIP = NO;
				DEBUG_INFORMATION_FORMAT = dwarf;
				DEVELOPMENT_TEAM = UK7W47N4TX;
				ENABLE_STRICT_OBJC_MSGSEND = YES;
				ENABLE_TESTABILITY = YES;
				ENABLE_USER_SCRIPT_SANDBOXING = YES;
				GCC_C_LANGUAGE_STANDARD = gnu17;
				GCC_DYNAMIC_NO_PIC = NO;
				GCC_NO_COMMON_BLOCKS = YES;
				GCC_OPTIMIZATION_LEVEL = 0;
				GCC_PREPROCESSOR_DEFINITIONS = (
					"DEBUG=1",
					"$(inherited)",
				);
				GCC_WARN_64_TO_32_BIT_CONVERSION = YES;
				GCC_WARN_ABOUT_RETURN_TYPE = YES_ERROR;
				GCC_WARN_UNDECLARED_SELECTOR = YES;
				GCC_WARN_UNINITIALIZED_AUTOS = YES_AGGRESSIVE;
				GCC_WARN_UNUSED_FUNCTION = YES;
				GCC_WARN_UNUSED_VARIABLE = YES;
				IPHONEOS_DEPLOYMENT_TARGET = 26.0;
				LOCALIZATION_PREFERS_STRING_CATALOGS = YES;
				MTL_ENABLE_DEBUG_INFO = INCLUDE_SOURCE;
				MTL_FAST_MATH = YES;
				ONLY_ACTIVE_ARCH = YES;
				SDKROOT = iphoneos;
				SWIFT_ACTIVE_COMPILATION_CONDITIONS = "DEBUG $(inherited)";
				SWIFT_OPTIMIZATION_LEVEL = "-Onone";
			};
			name = Debug;
		};
		685AAA952E26866A008B5063 /* Release */ = {
			isa = XCBuildConfiguration;
			buildSettings = {
				ALWAYS_SEARCH_USER_PATHS = NO;
				ASSETCATALOG_COMPILER_GENERATE_SWIFT_ASSET_SYMBOL_EXTENSIONS = YES;
				CLANG_ANALYZER_NONNULL = YES;
				CLANG_ANALYZER_NUMBER_OBJECT_CONVERSION = YES_AGGRESSIVE;
				CLANG_CXX_LANGUAGE_STANDARD = "gnu++20";
				CLANG_ENABLE_MODULES = YES;
				CLANG_ENABLE_OBJC_ARC = YES;
				CLANG_ENABLE_OBJC_WEAK = YES;
				CLANG_WARN_BLOCK_CAPTURE_AUTORELEASING = YES;
				CLANG_WARN_BOOL_CONVERSION = YES;
				CLANG_WARN_COMMA = YES;
				CLANG_WARN_CONSTANT_CONVERSION = YES;
				CLANG_WARN_DEPRECATED_OBJC_IMPLEMENTATIONS = YES;
				CLANG_WARN_DIRECT_OBJC_ISA_USAGE = YES_ERROR;
				CLANG_WARN_DOCUMENTATION_COMMENTS = YES;
				CLANG_WARN_EMPTY_BODY = YES;
				CLANG_WARN_ENUM_CONVERSION = YES;
				CLANG_WARN_INFINITE_RECURSION = YES;
				CLANG_WARN_INT_CONVERSION = YES;
				CLANG_WARN_NON_LITERAL_NULL_CONVERSION = YES;
				CLANG_WARN_OBJC_IMPLICIT_RETAIN_SELF = YES;
				CLANG_WARN_OBJC_LITERAL_CONVERSION = YES;
				CLANG_WARN_OBJC_ROOT_CLASS = YES_ERROR;
				CLANG_WARN_QUOTED_INCLUDE_IN_FRAMEWORK_HEADER = YES;
				CLANG_WARN_RANGE_LOOP_ANALYSIS = YES;
				CLANG_WARN_STRICT_PROTOTYPES = YES;
				CLANG_WARN_SUSPICIOUS_MOVE = YES;
				CLANG_WARN_UNGUARDED_AVAILABILITY = YES_AGGRESSIVE;
				CLANG_WARN_UNREACHABLE_CODE = YES;
				CLANG_WARN__DUPLICATE_METHOD_MATCH = YES;
				COPY_PHASE_STRIP = NO;
				DEBUG_INFORMATION_FORMAT = "dwarf-with-dsym";
				DEVELOPMENT_TEAM = UK7W47N4TX;
				ENABLE_NS_ASSERTIONS = NO;
				ENABLE_STRICT_OBJC_MSGSEND = YES;
				ENABLE_USER_SCRIPT_SANDBOXING = YES;
				GCC_C_LANGUAGE_STANDARD = gnu17;
				GCC_NO_COMMON_BLOCKS = YES;
				GCC_WARN_64_TO_32_BIT_CONVERSION = YES;
				GCC_WARN_ABOUT_RETURN_TYPE = YES_ERROR;
				GCC_WARN_UNDECLARED_SELECTOR = YES;
				GCC_WARN_UNINITIALIZED_AUTOS = YES_AGGRESSIVE;
				GCC_WARN_UNUSED_FUNCTION = YES;
				GCC_WARN_UNUSED_VARIABLE = YES;
				IPHONEOS_DEPLOYMENT_TARGET = 26.0;
				LOCALIZATION_PREFERS_STRING_CATALOGS = YES;
				MTL_ENABLE_DEBUG_INFO = NO;
				MTL_FAST_MATH = YES;
				SDKROOT = iphoneos;
				SWIFT_COMPILATION_MODE = wholemodule;
				VALIDATE_PRODUCT = YES;
			};
			name = Release;
		};
		685AAA972E26866A008B5063 /* Debug */ = {
			isa = XCBuildConfiguration;
			buildSettings = {
				ASSETCATALOG_COMPILER_APPICON_NAME = AppIcon;
				ASSETCATALOG_COMPILER_GLOBAL_ACCENT_COLOR_NAME = AccentColor;
				ASSETCATALOG_COMPILER_INCLUDE_ALL_APPICON_ASSETS = NO;
				CODE_SIGN_STYLE = Automatic;
				CURRENT_PROJECT_VERSION = 1;
				DEVELOPMENT_TEAM = UK7W47N4TX;
				ENABLE_PREVIEWS = YES;
				GENERATE_INFOPLIST_FILE = YES;
				INFOPLIST_FILE = Aeru/Info.plist;
				INFOPLIST_KEY_CFBundleDisplayName = Aeru;
				INFOPLIST_KEY_LSApplicationCategoryType = "public.app-category.utilities";
				INFOPLIST_KEY_NSMicrophoneUsageDescription = "This app needs access to your microphone to record audio for speech-to-text conversion.";
				INFOPLIST_KEY_NSSpeechRecognitionUsageDescription = "This app uses speech recognition to convert your voice input to text for AI conversations.";
				INFOPLIST_KEY_UIApplicationSceneManifest_Generation = YES;
				INFOPLIST_KEY_UIApplicationSupportsIndirectInputEvents = YES;
				INFOPLIST_KEY_UILaunchScreen_Generation = YES;
				INFOPLIST_KEY_UISupportedInterfaceOrientations = UIInterfaceOrientationPortrait;
				INFOPLIST_KEY_UISupportedInterfaceOrientations_iPad = "UIInterfaceOrientationLandscapeLeft UIInterfaceOrientationLandscapeRight UIInterfaceOrientationPortrait UIInterfaceOrientationPortraitUpsideDown";
				LD_RUNPATH_SEARCH_PATHS = (
					"$(inherited)",
					"@executable_path/Frameworks",
				);
				MARKETING_VERSION = 1.4;
				PRODUCT_BUNDLE_IDENTIFIER = com.sanskarthapa.Aeru;
				PRODUCT_NAME = "$(TARGET_NAME)";
				STRING_CATALOG_GENERATE_SYMBOLS = YES;
				SWIFT_APPROACHABLE_CONCURRENCY = YES;
				SWIFT_DEFAULT_ACTOR_ISOLATION = MainActor;
				SWIFT_EMIT_LOC_STRINGS = YES;
				SWIFT_UPCOMING_FEATURE_MEMBER_IMPORT_VISIBILITY = YES;
				SWIFT_VERSION = 5.0;
				TARGETED_DEVICE_FAMILY = "1,2";
			};
			name = Debug;
		};
		685AAA982E26866A008B5063 /* Release */ = {
			isa = XCBuildConfiguration;
			buildSettings = {
				ASSETCATALOG_COMPILER_APPICON_NAME = AppIcon;
				ASSETCATALOG_COMPILER_GLOBAL_ACCENT_COLOR_NAME = AccentColor;
				ASSETCATALOG_COMPILER_INCLUDE_ALL_APPICON_ASSETS = NO;
				CODE_SIGN_STYLE = Automatic;
				CURRENT_PROJECT_VERSION = 1;
				DEVELOPMENT_TEAM = UK7W47N4TX;
				ENABLE_PREVIEWS = YES;
				GENERATE_INFOPLIST_FILE = YES;
				INFOPLIST_FILE = Aeru/Info.plist;
				INFOPLIST_KEY_CFBundleDisplayName = Aeru;
				INFOPLIST_KEY_LSApplicationCategoryType = "public.app-category.utilities";
				INFOPLIST_KEY_NSMicrophoneUsageDescription = "This app needs access to your microphone to record audio for speech-to-text conversion.";
				INFOPLIST_KEY_NSSpeechRecognitionUsageDescription = "This app uses speech recognition to convert your voice input to text for AI conversations.";
				INFOPLIST_KEY_UIApplicationSceneManifest_Generation = YES;
				INFOPLIST_KEY_UIApplicationSupportsIndirectInputEvents = YES;
				INFOPLIST_KEY_UILaunchScreen_Generation = YES;
				INFOPLIST_KEY_UISupportedInterfaceOrientations = UIInterfaceOrientationPortrait;
				INFOPLIST_KEY_UISupportedInterfaceOrientations_iPad = "UIInterfaceOrientationLandscapeLeft UIInterfaceOrientationLandscapeRight UIInterfaceOrientationPortrait UIInterfaceOrientationPortraitUpsideDown";
				LD_RUNPATH_SEARCH_PATHS = (
					"$(inherited)",
					"@executable_path/Frameworks",
				);
				MARKETING_VERSION = 1.4;
				PRODUCT_BUNDLE_IDENTIFIER = com.sanskarthapa.Aeru;
				PRODUCT_NAME = "$(TARGET_NAME)";
				STRING_CATALOG_GENERATE_SYMBOLS = YES;
				SWIFT_APPROACHABLE_CONCURRENCY = YES;
				SWIFT_DEFAULT_ACTOR_ISOLATION = MainActor;
				SWIFT_EMIT_LOC_STRINGS = YES;
				SWIFT_UPCOMING_FEATURE_MEMBER_IMPORT_VISIBILITY = YES;
				SWIFT_VERSION = 5.0;
				TARGETED_DEVICE_FAMILY = "1,2";
			};
			name = Release;
		};
/* End XCBuildConfiguration section */

/* Begin XCConfigurationList section */
		685AAA862E268669008B5063 /* Build configuration list for PBXProject "Aeru" */ = {
			isa = XCConfigurationList;
			buildConfigurations = (
				685AAA942E26866A008B5063 /* Debug */,
				685AAA952E26866A008B5063 /* Release */,
			);
			defaultConfigurationIsVisible = 0;
			defaultConfigurationName = Release;
		};
		685AAA962E26866A008B5063 /* Build configuration list for PBXNativeTarget "Aeru" */ = {
			isa = XCConfigurationList;
			buildConfigurations = (
				685AAA972E26866A008B5063 /* Debug */,
				685AAA982E26866A008B5063 /* Release */,
			);
			defaultConfigurationIsVisible = 0;
			defaultConfigurationName = Release;
		};
/* End XCConfigurationList section */

/* Begin XCRemoteSwiftPackageReference section */
		684097A72E3DC29700EE87CF /* XCRemoteSwiftPackageReference "swift-markdown-ui" */ = {
			isa = XCRemoteSwiftPackageReference;
			repositoryURL = "https://github.com/gonzalezreal/swift-markdown-ui.git";
			requirement = {
				kind = upToNextMajorVersion;
				minimumVersion = 2.4.1;
			};
		};
		684C44A22E3444080093FD7D /* XCRemoteSwiftPackageReference "SQLite.swift" */ = {
			isa = XCRemoteSwiftPackageReference;
			repositoryURL = "https://github.com/stephencelis/SQLite.swift.git";
			requirement = {
				kind = upToNextMajorVersion;
				minimumVersion = 0.15.4;
			};
		};
		685AAA9C2E268842008B5063 /* XCRemoteSwiftPackageReference "SVDB" */ = {
			isa = XCRemoteSwiftPackageReference;
			repositoryURL = "https://github.com/Dripfarm/SVDB.git";
			requirement = {
				kind = upToNextMajorVersion;
				minimumVersion = 2.0.0;
			};
		};
		68AE0FD12E2B1B5400D359D7 /* XCRemoteSwiftPackageReference "SwiftSoup" */ = {
			isa = XCRemoteSwiftPackageReference;
			repositoryURL = "https://github.com/scinfu/SwiftSoup";
			requirement = {
				kind = upToNextMajorVersion;
				minimumVersion = 2.9.5;
			};
		};
		68C0D6642E5A476A00718459 /* XCRemoteSwiftPackageReference "swift-numerics" */ = {
			isa = XCRemoteSwiftPackageReference;
			repositoryURL = "https://github.com/apple/swift-numerics.git";
			requirement = {
				kind = upToNextMajorVersion;
				minimumVersion = 1.0.3;
			};
		};
/* End XCRemoteSwiftPackageReference section */

/* Begin XCSwiftPackageProductDependency section */
		684097A82E3DC29700EE87CF /* MarkdownUI */ = {
			isa = XCSwiftPackageProductDependency;
			package = 684097A72E3DC29700EE87CF /* XCRemoteSwiftPackageReference "swift-markdown-ui" */;
			productName = MarkdownUI;
		};
		684C44A32E3444080093FD7D /* SQLite */ = {
			isa = XCSwiftPackageProductDependency;
			package = 684C44A22E3444080093FD7D /* XCRemoteSwiftPackageReference "SQLite.swift" */;
			productName = SQLite;
		};
		685AAA9D2E268842008B5063 /* SVDB */ = {
			isa = XCSwiftPackageProductDependency;
			package = 685AAA9C2E268842008B5063 /* XCRemoteSwiftPackageReference "SVDB" */;
			productName = SVDB;
		};
		68AE0FD22E2B1B5400D359D7 /* SwiftSoup */ = {
			isa = XCSwiftPackageProductDependency;
			package = 68AE0FD12E2B1B5400D359D7 /* XCRemoteSwiftPackageReference "SwiftSoup" */;
			productName = SwiftSoup;
		};
		68C0D6652E5A476A00718459 /* ComplexModule */ = {
			isa = XCSwiftPackageProductDependency;
			package = 68C0D6642E5A476A00718459 /* XCRemoteSwiftPackageReference "swift-numerics" */;
			productName = ComplexModule;
		};
		68C0D6672E5A476A00718459 /* Numerics */ = {
			isa = XCSwiftPackageProductDependency;
			package = 68C0D6642E5A476A00718459 /* XCRemoteSwiftPackageReference "swift-numerics" */;
			productName = Numerics;
		};
		68C0D6692E5A476A00718459 /* RealModule */ = {
			isa = XCSwiftPackageProductDependency;
			package = 68C0D6642E5A476A00718459 /* XCRemoteSwiftPackageReference "swift-numerics" */;
			productName = RealModule;
		};
/* End XCSwiftPackageProductDependency section */
	};
	rootObject = 685AAA832E268669008B5063 /* Project object */;
}
